
Microsoft Visual Studio Solution File, Format Version 12.00
# Visual Studio 2012
Project("{FAE04EC0-301F-11D3-BF4B-00C04F79EFBC}") = "Entidades", "Entidades\Entidades.csproj", "{FFAD7136-648D-46CB-85D3-31D9ED8679A4}"
EndProject
Project("{FAE04EC0-301F-11D3-BF4B-00C04F79EFBC}") = "TestEstante", "TestEstante\TestEstante.csproj", "{C874D981-3330-4482-954C-30AEE53365F3}"
EndProject
Project("{FAE04EC0-301F-11D3-BF4B-00C04F79EFBC}") = "FormEstante", "FormEstante\FormEstante.csproj", "{CD8AC839-9442-4D8C-A21D-3CD4E65E2CAA}"
EndProject
Global
	GlobalSection(SolutionConfigurationPlatforms) = preSolution
		Debug|Any CPU = Debug|Any CPU
		Release|Any CPU = Release|Any CPU
	EndGlobalSection
	GlobalSection(ProjectConfigurationPlatforms) = postSolution
		{FFAD7136-648D-46CB-85D3-31D9ED8679A4}.Debug|Any CPU.ActiveCfg = Debug|Any CPU
		{FFAD7136-648D-46CB-85D3-31D9ED8679A4}.Debug|Any CPU.Build.0 = Debug|Any CPU
		{FFAD7136-648D-46CB-85D3-31D9ED8679A4}.Release|Any CPU.ActiveCfg = Release|Any CPU
		{FFAD7136-648D-46CB-85D3-31D9ED8679A4}.Release|Any CPU.Build.0 = Release|Any CPU
		{C874D981-3330-4482-954C-30AEE53365F3}.Debug|Any CPU.ActiveCfg = Debug|Any CPU
		{C874D981-3330-4482-954C-30AEE53365F3}.Debug|Any CPU.Build.0 = Debug|Any CPU
		{C874D981-3330-4482-954C-30AEE53365F3}.Release|Any CPU.ActiveCfg = Release|Any CPU
		{C874D981-3330-4482-954C-30AEE53365F3}.Release|Any CPU.Build.0 = Release|Any CPU
		{CD8AC839-9442-4D8C-A21D-3CD4E65E2CAA}.Debug|Any CPU.ActiveCfg = Debug|Any CPU
		{CD8AC839-9442-4D8C-A21D-3CD4E65E2CAA}.Debug|Any CPU.Build.0 = Debug|Any CPU
		{CD8AC839-9442-4D8C-A21D-3CD4E65E2CAA}.Release|Any CPU.ActiveCfg = Release|Any CPU
		{CD8AC839-9442-4D8C-A21D-3CD4E65E2CAA}.Release|Any CPU.Build.0 = Release|Any CPU
	EndGlobalSection
	GlobalSection(SolutionProperties) = preSolution
		HideSolutionNode = FALSE
	EndGlobalSection
EndGlobal
