
Microsoft Visual Studio Solution File, Format Version 12.00
# Visual Studio 2012
Project("{FAE04EC0-301F-11D3-BF4B-00C04F79EFBC}") = "Clase02Ejercicio01", "Clase02Ejercicio01\Clase02Ejercicio01.csproj", "{B77783F1-6F3D-425E-8C3D-438BA3800C94}"
EndProject
Project("{FAE04EC0-301F-11D3-BF4B-00C04F79EFBC}") = "Clase02", "Clase02\Clase02.csproj", "{03B9C7BC-0928-45C9-9058-8113B22E3A26}"
EndProject
Project("{FAE04EC0-301F-11D3-BF4B-00C04F79EFBC}") = "Clase02Ejercicio13", "Clase02Ejercicio13\Clase02Ejercicio13.csproj", "{D0F6E2C8-2FB2-47A7-B329-DD0E3CA40451}"
EndProject
Project("{FAE04EC0-301F-11D3-BF4B-00C04F79EFBC}") = "Clase03", "Clase03\Clase03.csproj", "{BB50E92A-3AED-46CF-A2F1-15B75EE31274}"
EndProject
Project("{FAE04EC0-301F-11D3-BF4B-00C04F79EFBC}") = "Clase04", "Clase04\Clase04.csproj", "{D82B6357-D3F0-4302-9671-22C6B223ADA1}"
EndProject
Global
	GlobalSection(SolutionConfigurationPlatforms) = preSolution
		Debug|Any CPU = Debug|Any CPU
		Debug|Mixed Platforms = Debug|Mixed Platforms
		Debug|x86 = Debug|x86
		Release|Any CPU = Release|Any CPU
		Release|Mixed Platforms = Release|Mixed Platforms
		Release|x86 = Release|x86
	EndGlobalSection
	GlobalSection(ProjectConfigurationPlatforms) = postSolution
		{B77783F1-6F3D-425E-8C3D-438BA3800C94}.Debug|Any CPU.ActiveCfg = Debug|Any CPU
		{B77783F1-6F3D-425E-8C3D-438BA3800C94}.Debug|Any CPU.Build.0 = Debug|Any CPU
		{B77783F1-6F3D-425E-8C3D-438BA3800C94}.Debug|Mixed Platforms.ActiveCfg = Debug|Any CPU
		{B77783F1-6F3D-425E-8C3D-438BA3800C94}.Debug|Mixed Platforms.Build.0 = Debug|Any CPU
		{B77783F1-6F3D-425E-8C3D-438BA3800C94}.Debug|x86.ActiveCfg = Debug|Any CPU
		{B77783F1-6F3D-425E-8C3D-438BA3800C94}.Release|Any CPU.ActiveCfg = Release|Any CPU
		{B77783F1-6F3D-425E-8C3D-438BA3800C94}.Release|Any CPU.Build.0 = Release|Any CPU
		{B77783F1-6F3D-425E-8C3D-438BA3800C94}.Release|Mixed Platforms.ActiveCfg = Release|Any CPU
		{B77783F1-6F3D-425E-8C3D-438BA3800C94}.Release|Mixed Platforms.Build.0 = Release|Any CPU
		{B77783F1-6F3D-425E-8C3D-438BA3800C94}.Release|x86.ActiveCfg = Release|Any CPU
		{03B9C7BC-0928-45C9-9058-8113B22E3A26}.Debug|Any CPU.ActiveCfg = Debug|Any CPU
		{03B9C7BC-0928-45C9-9058-8113B22E3A26}.Debug|Any CPU.Build.0 = Debug|Any CPU
		{03B9C7BC-0928-45C9-9058-8113B22E3A26}.Debug|Mixed Platforms.ActiveCfg = Debug|Any CPU
		{03B9C7BC-0928-45C9-9058-8113B22E3A26}.Debug|Mixed Platforms.Build.0 = Debug|Any CPU
		{03B9C7BC-0928-45C9-9058-8113B22E3A26}.Debug|x86.ActiveCfg = Debug|Any CPU
		{03B9C7BC-0928-45C9-9058-8113B22E3A26}.Release|Any CPU.ActiveCfg = Release|Any CPU
		{03B9C7BC-0928-45C9-9058-8113B22E3A26}.Release|Any CPU.Build.0 = Release|Any CPU
		{03B9C7BC-0928-45C9-9058-8113B22E3A26}.Release|Mixed Platforms.ActiveCfg = Release|Any CPU
		{03B9C7BC-0928-45C9-9058-8113B22E3A26}.Release|Mixed Platforms.Build.0 = Release|Any CPU
		{03B9C7BC-0928-45C9-9058-8113B22E3A26}.Release|x86.ActiveCfg = Release|Any CPU
		{D0F6E2C8-2FB2-47A7-B329-DD0E3CA40451}.Debug|Any CPU.ActiveCfg = Debug|Any CPU
		{D0F6E2C8-2FB2-47A7-B329-DD0E3CA40451}.Debug|Any CPU.Build.0 = Debug|Any CPU
		{D0F6E2C8-2FB2-47A7-B329-DD0E3CA40451}.Debug|Mixed Platforms.ActiveCfg = Debug|Any CPU
		{D0F6E2C8-2FB2-47A7-B329-DD0E3CA40451}.Debug|Mixed Platforms.Build.0 = Debug|Any CPU
		{D0F6E2C8-2FB2-47A7-B329-DD0E3CA40451}.Debug|x86.ActiveCfg = Debug|Any CPU
		{D0F6E2C8-2FB2-47A7-B329-DD0E3CA40451}.Release|Any CPU.ActiveCfg = Release|Any CPU
		{D0F6E2C8-2FB2-47A7-B329-DD0E3CA40451}.Release|Any CPU.Build.0 = Release|Any CPU
		{D0F6E2C8-2FB2-47A7-B329-DD0E3CA40451}.Release|Mixed Platforms.ActiveCfg = Release|Any CPU
		{D0F6E2C8-2FB2-47A7-B329-DD0E3CA40451}.Release|Mixed Platforms.Build.0 = Release|Any CPU
		{D0F6E2C8-2FB2-47A7-B329-DD0E3CA40451}.Release|x86.ActiveCfg = Release|Any CPU
		{BB50E92A-3AED-46CF-A2F1-15B75EE31274}.Debug|Any CPU.ActiveCfg = Debug|Any CPU
		{BB50E92A-3AED-46CF-A2F1-15B75EE31274}.Debug|Any CPU.Build.0 = Debug|Any CPU
		{BB50E92A-3AED-46CF-A2F1-15B75EE31274}.Debug|Mixed Platforms.ActiveCfg = Debug|Any CPU
		{BB50E92A-3AED-46CF-A2F1-15B75EE31274}.Debug|Mixed Platforms.Build.0 = Debug|Any CPU
		{BB50E92A-3AED-46CF-A2F1-15B75EE31274}.Debug|x86.ActiveCfg = Debug|Any CPU
		{BB50E92A-3AED-46CF-A2F1-15B75EE31274}.Release|Any CPU.ActiveCfg = Release|Any CPU
		{BB50E92A-3AED-46CF-A2F1-15B75EE31274}.Release|Any CPU.Build.0 = Release|Any CPU
		{BB50E92A-3AED-46CF-A2F1-15B75EE31274}.Release|Mixed Platforms.ActiveCfg = Release|Any CPU
		{BB50E92A-3AED-46CF-A2F1-15B75EE31274}.Release|Mixed Platforms.Build.0 = Release|Any CPU
		{BB50E92A-3AED-46CF-A2F1-15B75EE31274}.Release|x86.ActiveCfg = Release|Any CPU
		{D82B6357-D3F0-4302-9671-22C6B223ADA1}.Debug|Any CPU.ActiveCfg = Debug|Any CPU
		{D82B6357-D3F0-4302-9671-22C6B223ADA1}.Debug|Any CPU.Build.0 = Debug|Any CPU
		{D82B6357-D3F0-4302-9671-22C6B223ADA1}.Debug|Mixed Platforms.ActiveCfg = Debug|Any CPU
		{D82B6357-D3F0-4302-9671-22C6B223ADA1}.Debug|Mixed Platforms.Build.0 = Debug|Any CPU
		{D82B6357-D3F0-4302-9671-22C6B223ADA1}.Debug|x86.ActiveCfg = Debug|Any CPU
		{D82B6357-D3F0-4302-9671-22C6B223ADA1}.Release|Any CPU.ActiveCfg = Release|Any CPU
		{D82B6357-D3F0-4302-9671-22C6B223ADA1}.Release|Any CPU.Build.0 = Release|Any CPU
		{D82B6357-D3F0-4302-9671-22C6B223ADA1}.Release|Mixed Platforms.ActiveCfg = Release|Any CPU
		{D82B6357-D3F0-4302-9671-22C6B223ADA1}.Release|Mixed Platforms.Build.0 = Release|Any CPU
		{D82B6357-D3F0-4302-9671-22C6B223ADA1}.Release|x86.ActiveCfg = Release|Any CPU
	EndGlobalSection
	GlobalSection(SolutionProperties) = preSolution
		HideSolutionNode = FALSE
	EndGlobalSection
EndGlobal
